
Microsoft Visual Studio Solution File, Format Version 12.00
# Visual Studio Version 16
VisualStudioVersion = 16.0.31019.35
MinimumVisualStudioVersion = 10.0.40219.1
Project("{FAE04EC0-301F-11D3-BF4B-00C04F79EFBC}") = "HITSEconomic", "HITSEconomic.csproj", "{B0D8BD63-31B3-4AE4-AEF8-BABFE69D3E1F}"
EndProject
Global
	GlobalSection(SolutionConfigurationPlatforms) = preSolution
		Debug|Any CPU = Debug|Any CPU
		Release|Any CPU = Release|Any CPU
	EndGlobalSection
	GlobalSection(ProjectConfigurationPlatforms) = postSolution
		{B0D8BD63-31B3-4AE4-AEF8-BABFE69D3E1F}.Debug|Any CPU.ActiveCfg = Debug|Any CPU
		{B0D8BD63-31B3-4AE4-AEF8-BABFE69D3E1F}.Debug|Any CPU.Build.0 = Debug|Any CPU
		{B0D8BD63-31B3-4AE4-AEF8-BABFE69D3E1F}.Release|Any CPU.ActiveCfg = Release|Any CPU
		{B0D8BD63-31B3-4AE4-AEF8-BABFE69D3E1F}.Release|Any CPU.Build.0 = Release|Any CPU
	EndGlobalSection
	GlobalSection(SolutionProperties) = preSolution
		HideSolutionNode = FALSE
	EndGlobalSection
	GlobalSection(ExtensibilityGlobals) = postSolution
		SolutionGuid = {B40FBEE7-882B-4F18-A03B-AAD53B15D772}
	EndGlobalSection
EndGlobal
